<Solution>
  <Folder Name="/src/">
    <Project Path="src/Rig.TUnit.Core/Rig.TUnit.Core.csproj" />
    <Project Path="src/Rig.TUnit.Mediator/Rig.TUnit.Mediator.csproj" />
    <Project Path="src/Rig.TUnit.Grpc/Rig.TUnit.Grpc.csproj" />
    <Project Path="src/Rig.TUnit.WebAPI/Rig.TUnit.WebAPI.csproj" />
    <Project Path="src/Rig.TUnit.Databases/Rig.TUnit.Databases.csproj" />
    <Project Path="src/Rig.TUnit.Databases.Sql/Rig.TUnit.Databases.Sql.csproj" />
    <Project Path="src/Rig.TUnit.Databases.Sql.SqlServer/Rig.TUnit.Databases.Sql.SqlServer.csproj" />
    <Project Path="src/Rig.TUnit.Databases.Sql.Sqlite/Rig.TUnit.Databases.Sql.Sqlite.csproj" />
    <Project Path="src/Rig.TUnit.Databases.NoSql/Rig.TUnit.Databases.NoSql.csproj" />
    <Project Path="src/Rig.TUnit.Caching/Rig.TUnit.Caching.csproj" />
    <Project Path="src/Rig.TUnit.Caching.Redis/Rig.TUnit.Caching.Redis.csproj" />
    <Project Path="src/Rig.TUnit.Databases.NoSql.Redis/Rig.TUnit.Databases.NoSql.Redis.csproj" />
    <Project Path="src/Rig.TUnit.Messaging/Rig.TUnit.Messaging.csproj" />
    <Project Path="src/Rig.TUnit.Messaging.ServiceBus/Rig.TUnit.Messaging.ServiceBus.csproj" />
    <Project Path="src/Rig.TUnit.Observability/Rig.TUnit.Observability.csproj" />
    <Project Path="src/Rig.TUnit.Observability.Tracing/Rig.TUnit.Observability.Tracing.csproj" />
    <Project Path="src/Rig.TUnit.Observability.Logging/Rig.TUnit.Observability.Logging.csproj" />
    <Project Path="src/Rig.TUnit.Observability.Logging.Analyzers/Rig.TUnit.Observability.Logging.Analyzers.csproj" />
    <Project Path="src/Rig.TUnit.Observability.Seq/Rig.TUnit.Observability.Seq.csproj" />
    <Project Path="src/Rig.TUnit.Security/Rig.TUnit.Security.csproj" />
    <Project Path="src/Rig.TUnit.Security.Jwt/Rig.TUnit.Security.Jwt.csproj" />
    <Project Path="src/Rig.TUnit.Security.OAuth/Rig.TUnit.Security.OAuth.csproj" />
    <Project Path="src/Rig.TUnit.Http/Rig.TUnit.Http.csproj" />
    <Project Path="src/Rig.TUnit.Resilience/Rig.TUnit.Resilience.csproj" />
    <Project Path="src/Rig.TUnit.Caching.Memory/Rig.TUnit.Caching.Memory.csproj" />
    <Project Path="src/Rig.TUnit.Concurrency/Rig.TUnit.Concurrency.csproj" />
    <Project Path="src/Rig.TUnit.HealthChecks/Rig.TUnit.HealthChecks.csproj" />
    <Project Path="src/Rig.TUnit.Microservices.Outbox/Rig.TUnit.Microservices.Outbox.csproj" />
    <Project Path="src/Rig.TUnit.Microservices.Inbox/Rig.TUnit.Microservices.Inbox.csproj" />
    <Project Path="src/Rig.TUnit.Microservices.EventSourcing/Rig.TUnit.Microservices.EventSourcing.csproj" />
    <Project Path="src/Rig.TUnit.Microservices.Snapshots/Rig.TUnit.Microservices.Snapshots.csproj" />
    <Project Path="src/Rig.TUnit.Databases.Sql.Postgresql/Rig.TUnit.Databases.Sql.Postgresql.csproj" />
    <Project Path="src/Rig.TUnit.Databases.NoSql.Mongo/Rig.TUnit.Databases.NoSql.Mongo.csproj" />
    <Project Path="src/Rig.TUnit.Messaging.Kafka/Rig.TUnit.Messaging.Kafka.csproj" />
    <Project Path="src/Rig.TUnit.Messaging.RabbitMq/Rig.TUnit.Messaging.RabbitMq.csproj" />
    <Project Path="src/Rig.TUnit.Caching.Hybrid/Rig.TUnit.Caching.Hybrid.csproj" />
    <Project Path="src/Rig.TUnit.Caching.Fusion/Rig.TUnit.Caching.Fusion.csproj" />
    <Project Path="src/Rig.TUnit.Storage/Rig.TUnit.Storage.csproj" />
    <Project Path="src/Rig.TUnit.Storage.AzureBlob/Rig.TUnit.Storage.AzureBlob.csproj" />
    <Project Path="src/Rig.TUnit.Storage.S3/Rig.TUnit.Storage.S3.csproj" />
    <Project Path="src/Rig.TUnit.Docker/Rig.TUnit.Docker.csproj" />
    <Project Path="src/Rig.TUnit.Parallelism/Rig.TUnit.Parallelism.csproj" />
    <Project Path="src/Rig.TUnit.Ci/Rig.TUnit.Ci.csproj" />
    <Project Path="src/Rig.TUnit.Observability.Metrics/Rig.TUnit.Observability.Metrics.csproj" />
    <Project Path="src/Rig.TUnit.Security.Mtls/Rig.TUnit.Security.Mtls.csproj" />
    <Project Path="src/Rig.TUnit.Security.Policies/Rig.TUnit.Security.Policies.csproj" />
    <Project Path="src/Rig.TUnit.Microservices.Saga/Rig.TUnit.Microservices.Saga.csproj" />
    <Project Path="src/Rig.TUnit.Microservices.Contracts/Rig.TUnit.Microservices.Contracts.csproj" />
    <Project Path="src/Rig.TUnit.Databases.NoSql.Cassandra/Rig.TUnit.Databases.NoSql.Cassandra.csproj" />
    <Project Path="src/Rig.TUnit.Databases.NoSql.KurrentDb/Rig.TUnit.Databases.NoSql.KurrentDb.csproj" />
    <Project Path="src/Rig.TUnit.Databases.NoSql.ElasticSearch/Rig.TUnit.Databases.NoSql.ElasticSearch.csproj" />
    <Project Path="src/Rig.TUnit.Databases.NoSql.Dynamo/Rig.TUnit.Databases.NoSql.Dynamo.csproj" />
    <Project Path="src/Rig.TUnit.Messaging.Nats/Rig.TUnit.Messaging.Nats.csproj" />
    <Project Path="src/Rig.TUnit.Messaging.Sqs/Rig.TUnit.Messaging.Sqs.csproj" />
    <Project Path="src/Rig.TUnit.Storage.MinIO/Rig.TUnit.Storage.MinIO.csproj" />
    <Project Path="src/Rig.TUnit.Storage.FileSystem/Rig.TUnit.Storage.FileSystem.csproj" />
    <Project Path="src/Rig.TUnit.Microservices/Rig.TUnit.Microservices.csproj" />
    <Project Path="src/Rig.TUnit.Databases.Sql.MySql/Rig.TUnit.Databases.Sql.MySql.csproj" />
    <Project Path="src/Rig.TUnit.Databases.Sql.Oracle/Rig.TUnit.Databases.Sql.Oracle.csproj" />
    <Project Path="src/Rig.TUnit.All/Rig.TUnit.All.csproj" />
    <Project Path="src/Rig.TUnit/Rig.TUnit.csproj" />
  </Folder>
  <Folder Name="/tests/">
    <Project Path="tests/Rig.TUnit.Core.Tests.Unit/Rig.TUnit.Core.Tests.Unit.csproj" />
    <Project Path="tests/Rig.TUnit.Mediator.Tests.Unit/Rig.TUnit.Mediator.Tests.Unit.csproj" />
    <Project Path="tests/Rig.TUnit.Grpc.Tests.Unit/Rig.TUnit.Grpc.Tests.Unit.csproj" />
    <Project Path="tests/Rig.TUnit.WebAPI.Tests.Unit/Rig.TUnit.WebAPI.Tests.Unit.csproj" />
    <Project Path="tests/Rig.TUnit.Benchmarks/Rig.TUnit.Benchmarks.csproj" />
    <Project Path="tests/Rig.TUnit.Architecture.Tests/Rig.TUnit.Architecture.Tests.csproj" />
    <Project Path="tests/Rig.TUnit.Databases.Tests.Unit/Rig.TUnit.Databases.Tests.Unit.csproj" />
    <Project Path="tests/Rig.TUnit.Databases.Tests.Contract/Rig.TUnit.Databases.Tests.Contract.csproj" />
    <Project Path="tests/Rig.TUnit.Databases.Sql.Tests.Unit/Rig.TUnit.Databases.Sql.Tests.Unit.csproj" />
    <Project Path="tests/Rig.TUnit.Databases.Sql.Tests.Contract/Rig.TUnit.Databases.Sql.Tests.Contract.csproj" />
    <Project Path="tests/Rig.TUnit.Parallelism.Tests.Contract/Rig.TUnit.Parallelism.Tests.Contract.csproj" />
    <Project Path="tests/Rig.TUnit.Databases.Sql.SqlServer.Tests.Integration/Rig.TUnit.Databases.Sql.SqlServer.Tests.Integration.csproj" />
    <Project Path="tests/Rig.TUnit.Databases.Sql.Sqlite.Tests.Integration/Rig.TUnit.Databases.Sql.Sqlite.Tests.Integration.csproj" />
    <Project Path="tests/Rig.TUnit.Databases.NoSql.Tests.Contract/Rig.TUnit.Databases.NoSql.Tests.Contract.csproj" />
    <Project Path="tests/Rig.TUnit.Caching.Tests.Contract/Rig.TUnit.Caching.Tests.Contract.csproj" />
    <Project Path="tests/Rig.TUnit.Messaging.Tests.Contract/Rig.TUnit.Messaging.Tests.Contract.csproj" />
    <Project Path="tests/Rig.TUnit.Observability.Tests.Contract/Rig.TUnit.Observability.Tests.Contract.csproj" />
    <Project Path="tests/Rig.TUnit.Observability.Tracing.Tests.Integration/Rig.TUnit.Observability.Tracing.Tests.Integration.csproj" />
    <Project Path="tests/Rig.TUnit.Observability.Logging.Tests.Integration/Rig.TUnit.Observability.Logging.Tests.Integration.csproj" />
    <Project Path="tests/Rig.TUnit.Observability.Logging.Analyzers.Tests.Unit/Rig.TUnit.Observability.Logging.Analyzers.Tests.Unit.csproj" />
    <Project Path="tests/Rig.TUnit.Observability.Seq.Tests.Integration/Rig.TUnit.Observability.Seq.Tests.Integration.csproj" />
    <Project Path="tests/Rig.TUnit.Security.Jwt.Tests.Integration/Rig.TUnit.Security.Jwt.Tests.Integration.csproj" />
    <Project Path="tests/Rig.TUnit.Security.OAuth.Tests.Integration/Rig.TUnit.Security.OAuth.Tests.Integration.csproj" />
    <Project Path="tests/Rig.TUnit.Http.Tests.Unit/Rig.TUnit.Http.Tests.Unit.csproj" />
    <Project Path="tests/Rig.TUnit.Resilience.Tests.Integration/Rig.TUnit.Resilience.Tests.Integration.csproj" />
    <Project Path="tests/Rig.TUnit.Caching.Memory.Tests.Integration/Rig.TUnit.Caching.Memory.Tests.Integration.csproj" />
    <Project Path="tests/Rig.TUnit.Concurrency.Tests.Integration/Rig.TUnit.Concurrency.Tests.Integration.csproj" />
    <Project Path="tests/Rig.TUnit.HealthChecks.Tests.Integration/Rig.TUnit.HealthChecks.Tests.Integration.csproj" />
    <Project Path="tests/Rig.TUnit.Microservices.Outbox.Tests.Integration/Rig.TUnit.Microservices.Outbox.Tests.Integration.csproj" />
    <Project Path="tests/Rig.TUnit.Microservices.Inbox.Tests.Integration/Rig.TUnit.Microservices.Inbox.Tests.Integration.csproj" />
    <Project Path="tests/Rig.TUnit.Microservices.EventSourcing.Tests.Integration/Rig.TUnit.Microservices.EventSourcing.Tests.Integration.csproj" />
    <Project Path="tests/Rig.TUnit.Microservices.Snapshots.Tests.Integration/Rig.TUnit.Microservices.Snapshots.Tests.Integration.csproj" />
    <Project Path="tests/Rig.TUnit.Caching.Redis.Tests.Integration/Rig.TUnit.Caching.Redis.Tests.Integration.csproj" />
    <Project Path="tests/Rig.TUnit.Databases.NoSql.Redis.Tests.Integration/Rig.TUnit.Databases.NoSql.Redis.Tests.Integration.csproj" />
    <Project Path="tests/Rig.TUnit.Messaging.ServiceBus.Tests.Integration/Rig.TUnit.Messaging.ServiceBus.Tests.Integration.csproj" />
    <Project Path="tests/Rig.TUnit.Databases.Sql.SqlServer.Tests.Unit/Rig.TUnit.Databases.Sql.SqlServer.Tests.Unit.csproj" />
    <Project Path="tests/Rig.TUnit.Databases.Sql.Postgresql.Tests.Integration/Rig.TUnit.Databases.Sql.Postgresql.Tests.Integration.csproj" />
    <Project Path="tests/Rig.TUnit.Databases.NoSql.Mongo.Tests.Integration/Rig.TUnit.Databases.NoSql.Mongo.Tests.Integration.csproj" />
    <Project Path="tests/Rig.TUnit.Messaging.Kafka.Tests.Integration/Rig.TUnit.Messaging.Kafka.Tests.Integration.csproj" />
    <Project Path="tests/Rig.TUnit.Messaging.RabbitMq.Tests.Integration/Rig.TUnit.Messaging.RabbitMq.Tests.Integration.csproj" />
    <Project Path="tests/Rig.TUnit.Caching.Hybrid.Tests.Integration/Rig.TUnit.Caching.Hybrid.Tests.Integration.csproj" />
    <Project Path="tests/Rig.TUnit.Caching.Fusion.Tests.Integration/Rig.TUnit.Caching.Fusion.Tests.Integration.csproj" />
    <Project Path="tests/Rig.TUnit.Storage.Tests.Contract/Rig.TUnit.Storage.Tests.Contract.csproj" />
    <Project Path="tests/Rig.TUnit.Storage.AzureBlob.Tests.Integration/Rig.TUnit.Storage.AzureBlob.Tests.Integration.csproj" />
    <Project Path="tests/Rig.TUnit.Storage.S3.Tests.Integration/Rig.TUnit.Storage.S3.Tests.Integration.csproj" />
    <Project Path="tests/Rig.TUnit.Parallelism.Tests.Integration/Rig.TUnit.Parallelism.Tests.Integration.csproj" />
    <Project Path="tests/Rig.TUnit.Ci.Tests.Unit/Rig.TUnit.Ci.Tests.Unit.csproj" />
    <Project Path="tests/Rig.TUnit.Observability.Metrics.Tests.Integration/Rig.TUnit.Observability.Metrics.Tests.Integration.csproj" />
    <Project Path="tests/Rig.TUnit.Security.Mtls.Tests.Unit/Rig.TUnit.Security.Mtls.Tests.Unit.csproj" />
    <Project Path="tests/Rig.TUnit.Security.Policies.Tests.Integration/Rig.TUnit.Security.Policies.Tests.Integration.csproj" />
    <Project Path="tests/Rig.TUnit.Microservices.Saga.Tests.Integration/Rig.TUnit.Microservices.Saga.Tests.Integration.csproj" />
    <Project Path="tests/Rig.TUnit.Microservices.Contracts.Tests.Integration/Rig.TUnit.Microservices.Contracts.Tests.Integration.csproj" />
    <Project Path="tests/Rig.TUnit.Databases.NoSql.Cassandra.Tests.Integration/Rig.TUnit.Databases.NoSql.Cassandra.Tests.Integration.csproj" />
    <Project Path="tests/Rig.TUnit.Databases.NoSql.KurrentDb.Tests.Integration/Rig.TUnit.Databases.NoSql.KurrentDb.Tests.Integration.csproj" />
    <Project Path="tests/Rig.TUnit.Databases.NoSql.ElasticSearch.Tests.Integration/Rig.TUnit.Databases.NoSql.ElasticSearch.Tests.Integration.csproj" />
    <Project Path="tests/Rig.TUnit.Databases.NoSql.Dynamo.Tests.Integration/Rig.TUnit.Databases.NoSql.Dynamo.Tests.Integration.csproj" />
    <Project Path="tests/Rig.TUnit.Messaging.Nats.Tests.Integration/Rig.TUnit.Messaging.Nats.Tests.Integration.csproj" />
    <Project Path="tests/Rig.TUnit.Messaging.Sqs.Tests.Integration/Rig.TUnit.Messaging.Sqs.Tests.Integration.csproj" />
    <Project Path="tests/Rig.TUnit.Storage.MinIO.Tests.Integration/Rig.TUnit.Storage.MinIO.Tests.Integration.csproj" />
    <Project Path="tests/Rig.TUnit.Storage.FileSystem.Tests.Integration/Rig.TUnit.Storage.FileSystem.Tests.Integration.csproj" />
    <Project Path="tests/Rig.TUnit.Databases.Sql.Postgresql.Tests.Unit/Rig.TUnit.Databases.Sql.Postgresql.Tests.Unit.csproj" />
    <Project Path="tests/Rig.TUnit.Databases.NoSql.Mongo.Tests.Unit/Rig.TUnit.Databases.NoSql.Mongo.Tests.Unit.csproj" />
    <Project Path="tests/Rig.TUnit.Databases.NoSql.Cassandra.Tests.Unit/Rig.TUnit.Databases.NoSql.Cassandra.Tests.Unit.csproj" />
    <Project Path="tests/Rig.TUnit.Databases.NoSql.Dynamo.Tests.Unit/Rig.TUnit.Databases.NoSql.Dynamo.Tests.Unit.csproj" />
    <Project Path="tests/Rig.TUnit.Databases.NoSql.ElasticSearch.Tests.Unit/Rig.TUnit.Databases.NoSql.ElasticSearch.Tests.Unit.csproj" />
    <Project Path="tests/Rig.TUnit.Databases.NoSql.KurrentDb.Tests.Unit/Rig.TUnit.Databases.NoSql.KurrentDb.Tests.Unit.csproj" />
    <Project Path="tests/Rig.TUnit.Messaging.ServiceBus.Tests.Unit/Rig.TUnit.Messaging.ServiceBus.Tests.Unit.csproj" />
    <Project Path="tests/Rig.TUnit.Messaging.Kafka.Tests.Unit/Rig.TUnit.Messaging.Kafka.Tests.Unit.csproj" />
    <Project Path="tests/Rig.TUnit.Messaging.RabbitMq.Tests.Unit/Rig.TUnit.Messaging.RabbitMq.Tests.Unit.csproj" />
    <Project Path="tests/Rig.TUnit.Messaging.Nats.Tests.Unit/Rig.TUnit.Messaging.Nats.Tests.Unit.csproj" />
    <Project Path="tests/Rig.TUnit.Messaging.Sqs.Tests.Unit/Rig.TUnit.Messaging.Sqs.Tests.Unit.csproj" />
    <Project Path="tests/Rig.TUnit.Caching.Hybrid.Tests.Unit/Rig.TUnit.Caching.Hybrid.Tests.Unit.csproj" />
    <Project Path="tests/Rig.TUnit.Caching.Fusion.Tests.Unit/Rig.TUnit.Caching.Fusion.Tests.Unit.csproj" />
    <Project Path="tests/Rig.TUnit.Storage.AzureBlob.Tests.Unit/Rig.TUnit.Storage.AzureBlob.Tests.Unit.csproj" />
    <Project Path="tests/Rig.TUnit.Storage.S3.Tests.Unit/Rig.TUnit.Storage.S3.Tests.Unit.csproj" />
    <Project Path="tests/Rig.TUnit.Storage.MinIO.Tests.Unit/Rig.TUnit.Storage.MinIO.Tests.Unit.csproj" />
    <Project Path="tests/Rig.TUnit.Storage.FileSystem.Tests.Unit/Rig.TUnit.Storage.FileSystem.Tests.Unit.csproj" />
    <Project Path="tests/Rig.TUnit.Security.Jwt.Tests.Unit/Rig.TUnit.Security.Jwt.Tests.Unit.csproj" />
    <Project Path="tests/Rig.TUnit.Security.OAuth.Tests.Unit/Rig.TUnit.Security.OAuth.Tests.Unit.csproj" />
    <Project Path="tests/Rig.TUnit.Security.Mtls.Tests.Integration/Rig.TUnit.Security.Mtls.Tests.Integration.csproj" />
    <Project Path="tests/Rig.TUnit.Security.Policies.Tests.Unit/Rig.TUnit.Security.Policies.Tests.Unit.csproj" />
    <Project Path="tests/Rig.TUnit.Observability.Metrics.Tests.Unit/Rig.TUnit.Observability.Metrics.Tests.Unit.csproj" />
    <Project Path="tests/Rig.TUnit.Databases.Sql.MySql.Tests.Unit/Rig.TUnit.Databases.Sql.MySql.Tests.Unit.csproj" />
    <Project Path="tests/Rig.TUnit.Databases.Sql.MySql.Tests.Integration/Rig.TUnit.Databases.Sql.MySql.Tests.Integration.csproj" />
    <Project Path="tests/Rig.TUnit.Databases.Sql.Oracle.Tests.Unit/Rig.TUnit.Databases.Sql.Oracle.Tests.Unit.csproj" />
    <Project Path="tests/Rig.TUnit.Databases.Sql.Oracle.Tests.Integration/Rig.TUnit.Databases.Sql.Oracle.Tests.Integration.csproj" />
  </Folder>
</Solution>
