<Solution>
  <Folder Name="/src/">
    <Project Path="src/Rig.TUnit.Core/Rig.TUnit.Core.csproj" />
    <Project Path="src/Rig.TUnit.Mediator/Rig.TUnit.Mediator.csproj" />
    <Project Path="src/Rig.TUnit.Grpc/Rig.TUnit.Grpc.csproj" />
    <Project Path="src/Rig.TUnit.WebAPI/Rig.TUnit.WebAPI.csproj" />
    <Project Path="src/Rig.TUnit.Databases/Rig.TUnit.Databases.csproj" />
    <Project Path="src/Rig.TUnit.Databases.Sql/Rig.TUnit.Databases.Sql.csproj" />
    <Project Path="src/Rig.TUnit.Databases.Sql.SqlServer/Rig.TUnit.Databases.Sql.SqlServer.csproj" />
    <Project Path="src/Rig.TUnit.Databases.Sql.Sqlite/Rig.TUnit.Databases.Sql.Sqlite.csproj" />
    <Project Path="src/Rig.TUnit.Databases.NoSql/Rig.TUnit.Databases.NoSql.csproj" />
    <Project Path="src/Rig.TUnit.Caching/Rig.TUnit.Caching.csproj" />
    <Project Path="src/Rig.TUnit.Caching.Redis/Rig.TUnit.Caching.Redis.csproj" />
    <Project Path="src/Rig.TUnit.Databases.NoSql.Redis/Rig.TUnit.Databases.NoSql.Redis.csproj" />
    <Project Path="src/Rig.TUnit.Messaging/Rig.TUnit.Messaging.csproj" />
    <Project Path="src/Rig.TUnit.Messaging.ServiceBus/Rig.TUnit.Messaging.ServiceBus.csproj" />
    <Project Path="src/Rig.TUnit/Rig.TUnit.csproj" />
  </Folder>
  <Folder Name="/tests/">
    <Project Path="tests/Rig.TUnit.Core.Tests.Unit/Rig.TUnit.Core.Tests.Unit.csproj" />
    <Project Path="tests/Rig.TUnit.Mediator.Tests.Unit/Rig.TUnit.Mediator.Tests.Unit.csproj" />
    <Project Path="tests/Rig.TUnit.Grpc.Tests.Unit/Rig.TUnit.Grpc.Tests.Unit.csproj" />
    <Project Path="tests/Rig.TUnit.WebAPI.Tests.Unit/Rig.TUnit.WebAPI.Tests.Unit.csproj" />
    <Project Path="tests/Rig.TUnit.Benchmarks/Rig.TUnit.Benchmarks.csproj" />
    <Project Path="tests/Rig.TUnit.Architecture.Tests/Rig.TUnit.Architecture.Tests.csproj" />
    <Project Path="tests/Rig.TUnit.Databases.Tests.Unit/Rig.TUnit.Databases.Tests.Unit.csproj" />
    <Project Path="tests/Rig.TUnit.Databases.Tests.Contract/Rig.TUnit.Databases.Tests.Contract.csproj" />
    <Project Path="tests/Rig.TUnit.Databases.Sql.Tests.Unit/Rig.TUnit.Databases.Sql.Tests.Unit.csproj" />
    <Project Path="tests/Rig.TUnit.Databases.Sql.Tests.Contract/Rig.TUnit.Databases.Sql.Tests.Contract.csproj" />
    <Project Path="tests/Rig.TUnit.Parallelism.Tests.Contract/Rig.TUnit.Parallelism.Tests.Contract.csproj" />
    <Project Path="tests/Rig.TUnit.Databases.Sql.SqlServer.Tests.Integration/Rig.TUnit.Databases.Sql.SqlServer.Tests.Integration.csproj" />
    <Project Path="tests/Rig.TUnit.Databases.Sql.Sqlite.Tests.Integration/Rig.TUnit.Databases.Sql.Sqlite.Tests.Integration.csproj" />
  </Folder>
</Solution>
